
Microsoft Visual Studio Solution File, Format Version 12.00
# Visual Studio Version 17
VisualStudioVersion = 17.10.34928.147
MinimumVisualStudioVersion = 10.0.40219.1
Project("{FAE04EC0-301F-11D3-BF4B-00C04F79EFBC}") = "Task_1", "Task_1\Task_1.csproj", "{BFF67DD3-7EFC-406E-B4BF-3B58E20DD8A6}"
EndProject
Project("{FAE04EC0-301F-11D3-BF4B-00C04F79EFBC}") = "Task_2", "Task_2\Task_2.csproj", "{6F03AE5B-08BB-40F2-B38F-0BD14CC832A3}"
EndProject
Project("{FAE04EC0-301F-11D3-BF4B-00C04F79EFBC}") = "Task_3", "Task_3\Task_3.csproj", "{A35A1AB1-3DB4-44D0-939A-7CABC9D26FF9}"
EndProject
Project("{FAE04EC0-301F-11D3-BF4B-00C04F79EFBC}") = "Task_4", "Task_4\Task_4.csproj", "{49653179-F073-443C-ABC2-7795E8F0D795}"
EndProject
Global
	GlobalSection(SolutionConfigurationPlatforms) = preSolution
		Debug|Any CPU = Debug|Any CPU
		Release|Any CPU = Release|Any CPU
	EndGlobalSection
	GlobalSection(ProjectConfigurationPlatforms) = postSolution
		{BFF67DD3-7EFC-406E-B4BF-3B58E20DD8A6}.Debug|Any CPU.ActiveCfg = Debug|Any CPU
		{BFF67DD3-7EFC-406E-B4BF-3B58E20DD8A6}.Debug|Any CPU.Build.0 = Debug|Any CPU
		{BFF67DD3-7EFC-406E-B4BF-3B58E20DD8A6}.Release|Any CPU.ActiveCfg = Release|Any CPU
		{BFF67DD3-7EFC-406E-B4BF-3B58E20DD8A6}.Release|Any CPU.Build.0 = Release|Any CPU
		{6F03AE5B-08BB-40F2-B38F-0BD14CC832A3}.Debug|Any CPU.ActiveCfg = Debug|Any CPU
		{6F03AE5B-08BB-40F2-B38F-0BD14CC832A3}.Debug|Any CPU.Build.0 = Debug|Any CPU
		{6F03AE5B-08BB-40F2-B38F-0BD14CC832A3}.Release|Any CPU.ActiveCfg = Release|Any CPU
		{6F03AE5B-08BB-40F2-B38F-0BD14CC832A3}.Release|Any CPU.Build.0 = Release|Any CPU
		{A35A1AB1-3DB4-44D0-939A-7CABC9D26FF9}.Debug|Any CPU.ActiveCfg = Debug|Any CPU
		{A35A1AB1-3DB4-44D0-939A-7CABC9D26FF9}.Debug|Any CPU.Build.0 = Debug|Any CPU
		{A35A1AB1-3DB4-44D0-939A-7CABC9D26FF9}.Release|Any CPU.ActiveCfg = Release|Any CPU
		{A35A1AB1-3DB4-44D0-939A-7CABC9D26FF9}.Release|Any CPU.Build.0 = Release|Any CPU
		{49653179-F073-443C-ABC2-7795E8F0D795}.Debug|Any CPU.ActiveCfg = Debug|Any CPU
		{49653179-F073-443C-ABC2-7795E8F0D795}.Debug|Any CPU.Build.0 = Debug|Any CPU
		{49653179-F073-443C-ABC2-7795E8F0D795}.Release|Any CPU.ActiveCfg = Release|Any CPU
		{49653179-F073-443C-ABC2-7795E8F0D795}.Release|Any CPU.Build.0 = Release|Any CPU
	EndGlobalSection
	GlobalSection(SolutionProperties) = preSolution
		HideSolutionNode = FALSE
	EndGlobalSection
	GlobalSection(ExtensibilityGlobals) = postSolution
		SolutionGuid = {5E7738D8-CD52-4CB8-AB80-F68B62D55050}
	EndGlobalSection
EndGlobal
